
Microsoft Visual Studio Solution File, Format Version 12.00
# Visual Studio Version 17
VisualStudioVersion = 17.14.37710.0 d17.14
MinimumVisualStudioVersion = 10.0.40219.1
Project("{FAE04EC0-301F-11D3-BF4B-00C04F79EFBC}") = "DotolloGuiangRodulfa_MVCProject", "DotolloGuiangRodulfa_MVCProject\DotolloGuiangRodulfa_MVCProject.csproj", "{75884E3E-F569-4664-8A3B-FC858EDF6361}"
EndProject
Global
	GlobalSection(SolutionConfigurationPlatforms) = preSolution
		Debug|Any CPU = Debug|Any CPU
		Release|Any CPU = Release|Any CPU
	EndGlobalSection
	GlobalSection(ProjectConfigurationPlatforms) = postSolution
		{75884E3E-F569-4664-8A3B-FC858EDF6361}.Debug|Any CPU.ActiveCfg = Debug|Any CPU
		{75884E3E-F569-4664-8A3B-FC858EDF6361}.Debug|Any CPU.Build.0 = Debug|Any CPU
		{75884E3E-F569-4664-8A3B-FC858EDF6361}.Release|Any CPU.ActiveCfg = Release|Any CPU
		{75884E3E-F569-4664-8A3B-FC858EDF6361}.Release|Any CPU.Build.0 = Release|Any CPU
	EndGlobalSection
	GlobalSection(SolutionProperties) = preSolution
		HideSolutionNode = FALSE
	EndGlobalSection
	GlobalSection(ExtensibilityGlobals) = postSolution
		SolutionGuid = {D18999D8-C32D-4C3B-8CFF-33BAEC9B0B5E}
	EndGlobalSection
EndGlobal
